// !$*UTF8*$!
{
	archiveVersion = 1;
	classes = {
	};
	objectVersion = 46;
	objects = {

/* Begin PBXBuildFile section */
		4EACC30669C7FBAC7C53FD37 /* Pods_ChefBookTests.framework in Frameworks */ = {isa = PBXBuildFile; fileRef = 356CF16AB63439168F66B321 /* Pods_ChefBookTests.framework */; };
		718310F60DD4791493D42D7C /* Pods_ChefBookUITests.framework in Frameworks */ = {isa = PBXBuildFile; fileRef = 60804E9275EFF9B1D7EFB4D3 /* Pods_ChefBookUITests.framework */; };
		A704D28091C9C79C66DCDE8A /* Pods_ChefBook.framework in Frameworks */ = {isa = PBXBuildFile; fileRef = 314634DA9FCC2374B4EA6C9A /* Pods_ChefBook.framework */; };
		CF264C0B1F3934E40029CEED /* chefbook_logo_only.png in Resources */ = {isa = PBXBuildFile; fileRef = CF264C0A1F3934E40029CEED /* chefbook_logo_only.png */; };
		CF264C0D1F3934EE0029CEED /* chefbook_title_only.png in Resources */ = {isa = PBXBuildFile; fileRef = CF264C0C1F3934EE0029CEED /* chefbook_title_only.png */; };
		CF264C0F1F3934FD0029CEED /* chefbook.png in Resources */ = {isa = PBXBuildFile; fileRef = CF264C0E1F3934FD0029CEED /* chefbook.png */; };
		CF2B5A111F3D220F00F0D037 /* Main.storyboard in Resources */ = {isa = PBXBuildFile; fileRef = CF2B5A101F3D220F00F0D037 /* Main.storyboard */; };
		CF49B98E1F4A359100E94E65 /* ListRecipeCell.swift in Sources */ = {isa = PBXBuildFile; fileRef = CF49B98D1F4A359100E94E65 /* ListRecipeCell.swift */; };
		CF49B9901F4A391E00E94E65 /* ListViewController.swift in Sources */ = {isa = PBXBuildFile; fileRef = CF49B98F1F4A391E00E94E65 /* ListViewController.swift */; };
		CF49B9941F4A7EED00E94E65 /* ListIngredientCell.swift in Sources */ = {isa = PBXBuildFile; fileRef = CF49B9931F4A7EED00E94E65 /* ListIngredientCell.swift */; };
		CF5A7DA91F3D14470008973C /* MyRecipesViewController.swift in Sources */ = {isa = PBXBuildFile; fileRef = CF5A7DA81F3D14470008973C /* MyRecipesViewController.swift */; };
		CFB7B3791F3F803500EC2F26 /* Recipe.swift in Sources */ = {isa = PBXBuildFile; fileRef = CFB7B3781F3F803500EC2F26 /* Recipe.swift */; };
		CFB7B37B1F3F832E00EC2F26 /* Ingredient.swift in Sources */ = {isa = PBXBuildFile; fileRef = CFB7B37A1F3F832E00EC2F26 /* Ingredient.swift */; };
		CFD5BE501F4730AE003CB85D /* MyRecipesDB.swift in Sources */ = {isa = PBXBuildFile; fileRef = CFD5BE4F1F4730AE003CB85D /* MyRecipesDB.swift */; };
		CFD5BE521F473282003CB85D /* libsqlite3.tbd in Frameworks */ = {isa = PBXBuildFile; fileRef = CFD5BE511F473282003CB85D /* libsqlite3.tbd */; };
		CFE5192D1F40F0E900527887 /* RecipeDetailViewController.swift in Sources */ = {isa = PBXBuildFile; fileRef = CFE5192C1F40F0E900527887 /* RecipeDetailViewController.swift */; };
		CFFCCF361F379937003986ED /* AppDelegate.swift in Sources */ = {isa = PBXBuildFile; fileRef = CFFCCF351F379937003986ED /* AppDelegate.swift */; };
		CFFCCF381F379937003986ED /* ViewController.swift in Sources */ = {isa = PBXBuildFile; fileRef = CFFCCF371F379937003986ED /* ViewController.swift */; };
		CFFCCF3D1F379937003986ED /* Assets.xcassets in Resources */ = {isa = PBXBuildFile; fileRef = CFFCCF3C1F379937003986ED /* Assets.xcassets */; };
		CFFCCF4B1F379937003986ED /* ChefBookTests.swift in Sources */ = {isa = PBXBuildFile; fileRef = CFFCCF4A1F379937003986ED /* ChefBookTests.swift */; };
		CFFCCF561F379937003986ED /* ChefBookUITests.swift in Sources */ = {isa = PBXBuildFile; fileRef = CFFCCF551F379937003986ED /* ChefBookUITests.swift */; };
		CFFF5EB41F3FDE1500540D92 /* RecipeCollectionViewCell.swift in Sources */ = {isa = PBXBuildFile; fileRef = CFFF5EB31F3FDE1500540D92 /* RecipeCollectionViewCell.swift */; };
/* End PBXBuildFile section */

/* Begin PBXContainerItemProxy section */
		CFFCCF471F379937003986ED /* PBXContainerItemProxy */ = {
			isa = PBXContainerItemProxy;
			containerPortal = CFFCCF2A1F379937003986ED /* Project object */;
			proxyType = 1;
			remoteGlobalIDString = CFFCCF311F379937003986ED;
			remoteInfo = ChefBook;
		};
		CFFCCF521F379937003986ED /* PBXContainerItemProxy */ = {
			isa = PBXContainerItemProxy;
			containerPortal = CFFCCF2A1F379937003986ED /* Project object */;
			proxyType = 1;
			remoteGlobalIDString = CFFCCF311F379937003986ED;
			remoteInfo = ChefBook;
		};
/* End PBXContainerItemProxy section */

/* Begin PBXFileReference section */
		0F2359E9443529AAF4CF6DEF /* Pods-ChefBookTests.release.xcconfig */ = {isa = PBXFileReference; includeInIndex = 1; lastKnownFileType = text.xcconfig; name = "Pods-ChefBookTests.release.xcconfig"; path = "Pods/Target Support Files/Pods-ChefBookTests/Pods-ChefBookTests.release.xcconfig"; sourceTree = "<group>"; };
		156C6163C83532452B606F37 /* Pods-ChefBookTests.debug.xcconfig */ = {isa = PBXFileReference; includeInIndex = 1; lastKnownFileType = text.xcconfig; name = "Pods-ChefBookTests.debug.xcconfig"; path = "Pods/Target Support Files/Pods-ChefBookTests/Pods-ChefBookTests.debug.xcconfig"; sourceTree = "<group>"; };
		314634DA9FCC2374B4EA6C9A /* Pods_ChefBook.framework */ = {isa = PBXFileReference; explicitFileType = wrapper.framework; includeInIndex = 0; path = Pods_ChefBook.framework; sourceTree = BUILT_PRODUCTS_DIR; };
		342346FA7086989AD330A2BD /* Pods-ChefBookUITests.release.xcconfig */ = {isa = PBXFileReference; includeInIndex = 1; lastKnownFileType = text.xcconfig; name = "Pods-ChefBookUITests.release.xcconfig"; path = "Pods/Target Support Files/Pods-ChefBookUITests/Pods-ChefBookUITests.release.xcconfig"; sourceTree = "<group>"; };
		356CF16AB63439168F66B321 /* Pods_ChefBookTests.framework */ = {isa = PBXFileReference; explicitFileType = wrapper.framework; includeInIndex = 0; path = Pods_ChefBookTests.framework; sourceTree = BUILT_PRODUCTS_DIR; };
		3E4ADAFD94773ECE2D4C8A87 /* Pods-ChefBook.debug.xcconfig */ = {isa = PBXFileReference; includeInIndex = 1; lastKnownFileType = text.xcconfig; name = "Pods-ChefBook.debug.xcconfig"; path = "Pods/Target Support Files/Pods-ChefBook/Pods-ChefBook.debug.xcconfig"; sourceTree = "<group>"; };
		60804E9275EFF9B1D7EFB4D3 /* Pods_ChefBookUITests.framework */ = {isa = PBXFileReference; explicitFileType = wrapper.framework; includeInIndex = 0; path = Pods_ChefBookUITests.framework; sourceTree = BUILT_PRODUCTS_DIR; };
		9460D0CB8E9F116DD4369FE3 /* Pods-ChefBook.release.xcconfig */ = {isa = PBXFileReference; includeInIndex = 1; lastKnownFileType = text.xcconfig; name = "Pods-ChefBook.release.xcconfig"; path = "Pods/Target Support Files/Pods-ChefBook/Pods-ChefBook.release.xcconfig"; sourceTree = "<group>"; };
		CBCE413AFCC280D69158F8E5 /* Pods-ChefBookUITests.debug.xcconfig */ = {isa = PBXFileReference; includeInIndex = 1; lastKnownFileType = text.xcconfig; name = "Pods-ChefBookUITests.debug.xcconfig"; path = "Pods/Target Support Files/Pods-ChefBookUITests/Pods-ChefBookUITests.debug.xcconfig"; sourceTree = "<group>"; };
		CF264C0A1F3934E40029CEED /* chefbook_logo_only.png */ = {isa = PBXFileReference; lastKnownFileType = image.png; name = chefbook_logo_only.png; path = ../../Downloads/chefbook_logo_only.png; sourceTree = "<group>"; };
		CF264C0C1F3934EE0029CEED /* chefbook_title_only.png */ = {isa = PBXFileReference; lastKnownFileType = image.png; name = chefbook_title_only.png; path = ../../Downloads/chefbook_title_only.png; sourceTree = "<group>"; };
		CF264C0E1F3934FD0029CEED /* chefbook.png */ = {isa = PBXFileReference; lastKnownFileType = image.png; name = chefbook.png; path = ../../Downloads/chefbook.png; sourceTree = "<group>"; };
		CF2B5A101F3D220F00F0D037 /* Main.storyboard */ = {isa = PBXFileReference; fileEncoding = 4; lastKnownFileType = file.storyboard; path = Main.storyboard; sourceTree = "<group>"; };
		CF49B98D1F4A359100E94E65 /* ListRecipeCell.swift */ = {isa = PBXFileReference; fileEncoding = 4; lastKnownFileType = sourcecode.swift; path = ListRecipeCell.swift; sourceTree = "<group>"; };
		CF49B98F1F4A391E00E94E65 /* ListViewController.swift */ = {isa = PBXFileReference; fileEncoding = 4; lastKnownFileType = sourcecode.swift; path = ListViewController.swift; sourceTree = "<group>"; };
		CF49B9931F4A7EED00E94E65 /* ListIngredientCell.swift */ = {isa = PBXFileReference; fileEncoding = 4; lastKnownFileType = sourcecode.swift; path = ListIngredientCell.swift; sourceTree = "<group>"; };
		CF5A7DA81F3D14470008973C /* MyRecipesViewController.swift */ = {isa = PBXFileReference; fileEncoding = 4; lastKnownFileType = sourcecode.swift; path = MyRecipesViewController.swift; sourceTree = "<group>"; };
		CFB7B3781F3F803500EC2F26 /* Recipe.swift */ = {isa = PBXFileReference; fileEncoding = 4; lastKnownFileType = sourcecode.swift; path = Recipe.swift; sourceTree = "<group>"; };
		CFB7B37A1F3F832E00EC2F26 /* Ingredient.swift */ = {isa = PBXFileReference; fileEncoding = 4; lastKnownFileType = sourcecode.swift; path = Ingredient.swift; sourceTree = "<group>"; };
		CFD5BE4F1F4730AE003CB85D /* MyRecipesDB.swift */ = {isa = PBXFileReference; fileEncoding = 4; lastKnownFileType = sourcecode.swift; path = MyRecipesDB.swift; sourceTree = "<group>"; };
		CFD5BE511F473282003CB85D /* libsqlite3.tbd */ = {isa = PBXFileReference; lastKnownFileType = "sourcecode.text-based-dylib-definition"; name = libsqlite3.tbd; path = usr/lib/libsqlite3.tbd; sourceTree = SDKROOT; };
		CFE5192C1F40F0E900527887 /* RecipeDetailViewController.swift */ = {isa = PBXFileReference; fileEncoding = 4; lastKnownFileType = sourcecode.swift; path = RecipeDetailViewController.swift; sourceTree = "<group>"; };
		CFFCCF321F379937003986ED /* ChefBook.app */ = {isa = PBXFileReference; explicitFileType = wrapper.application; includeInIndex = 0; path = ChefBook.app; sourceTree = BUILT_PRODUCTS_DIR; };
		CFFCCF351F379937003986ED /* AppDelegate.swift */ = {isa = PBXFileReference; lastKnownFileType = sourcecode.swift; path = AppDelegate.swift; sourceTree = "<group>"; };
		CFFCCF371F379937003986ED /* ViewController.swift */ = {isa = PBXFileReference; lastKnownFileType = sourcecode.swift; path = ViewController.swift; sourceTree = "<group>"; };
		CFFCCF3C1F379937003986ED /* Assets.xcassets */ = {isa = PBXFileReference; lastKnownFileType = folder.assetcatalog; path = Assets.xcassets; sourceTree = "<group>"; };
		CFFCCF411F379937003986ED /* Info.plist */ = {isa = PBXFileReference; lastKnownFileType = text.plist.xml; path = Info.plist; sourceTree = "<group>"; };
		CFFCCF461F379937003986ED /* ChefBookTests.xctest */ = {isa = PBXFileReference; explicitFileType = wrapper.cfbundle; includeInIndex = 0; path = ChefBookTests.xctest; sourceTree = BUILT_PRODUCTS_DIR; };
		CFFCCF4A1F379937003986ED /* ChefBookTests.swift */ = {isa = PBXFileReference; lastKnownFileType = sourcecode.swift; path = ChefBookTests.swift; sourceTree = "<group>"; };
		CFFCCF4C1F379937003986ED /* Info.plist */ = {isa = PBXFileReference; lastKnownFileType = text.plist.xml; path = Info.plist; sourceTree = "<group>"; };
		CFFCCF511F379937003986ED /* ChefBookUITests.xctest */ = {isa = PBXFileReference; explicitFileType = wrapper.cfbundle; includeInIndex = 0; path = ChefBookUITests.xctest; sourceTree = BUILT_PRODUCTS_DIR; };
		CFFCCF551F379937003986ED /* ChefBookUITests.swift */ = {isa = PBXFileReference; lastKnownFileType = sourcecode.swift; path = ChefBookUITests.swift; sourceTree = "<group>"; };
		CFFCCF571F379937003986ED /* Info.plist */ = {isa = PBXFileReference; lastKnownFileType = text.plist.xml; path = Info.plist; sourceTree = "<group>"; };
		CFFF5EB31F3FDE1500540D92 /* RecipeCollectionViewCell.swift */ = {isa = PBXFileReference; fileEncoding = 4; lastKnownFileType = sourcecode.swift; path = RecipeCollectionViewCell.swift; sourceTree = "<group>"; };
/* End PBXFileReference section */

/* Begin PBXFrameworksBuildPhase section */
		CFFCCF2F1F379937003986ED /* Frameworks */ = {
			isa = PBXFrameworksBuildPhase;
			buildActionMask = 2147483647;
			files = (
				CFD5BE521F473282003CB85D /* libsqlite3.tbd in Frameworks */,
				A704D28091C9C79C66DCDE8A /* Pods_ChefBook.framework in Frameworks */,
			);
			runOnlyForDeploymentPostprocessing = 0;
		};
		CFFCCF431F379937003986ED /* Frameworks */ = {
			isa = PBXFrameworksBuildPhase;
			buildActionMask = 2147483647;
			files = (
				4EACC30669C7FBAC7C53FD37 /* Pods_ChefBookTests.framework in Frameworks */,
			);
			runOnlyForDeploymentPostprocessing = 0;
		};
		CFFCCF4E1F379937003986ED /* Frameworks */ = {
			isa = PBXFrameworksBuildPhase;
			buildActionMask = 2147483647;
			files = (
				718310F60DD4791493D42D7C /* Pods_ChefBookUITests.framework in Frameworks */,
			);
			runOnlyForDeploymentPostprocessing = 0;
		};
/* End PBXFrameworksBuildPhase section */

/* Begin PBXGroup section */
		1CD1F8967D9EC5F3BBC08EAB /* Frameworks */ = {
			isa = PBXGroup;
			children = (
				CFD5BE511F473282003CB85D /* libsqlite3.tbd */,
				314634DA9FCC2374B4EA6C9A /* Pods_ChefBook.framework */,
				356CF16AB63439168F66B321 /* Pods_ChefBookTests.framework */,
				60804E9275EFF9B1D7EFB4D3 /* Pods_ChefBookUITests.framework */,
			);
			name = Frameworks;
			sourceTree = "<group>";
		};
		CF264C091F3934A10029CEED /* Images */ = {
			isa = PBXGroup;
			children = (
				CF264C0E1F3934FD0029CEED /* chefbook.png */,
				CF264C0C1F3934EE0029CEED /* chefbook_title_only.png */,
				CF264C0A1F3934E40029CEED /* chefbook_logo_only.png */,
			);
			name = Images;
			sourceTree = "<group>";
		};
		CFFCCF291F379937003986ED = {
			isa = PBXGroup;
			children = (
				CF264C091F3934A10029CEED /* Images */,
				CFFCCF341F379937003986ED /* ChefBook */,
				CFFCCF491F379937003986ED /* ChefBookTests */,
				CFFCCF541F379937003986ED /* ChefBookUITests */,
				CFFCCF331F379937003986ED /* Products */,
				F92CB84E9B5FD9B6C29EF388 /* Pods */,
				1CD1F8967D9EC5F3BBC08EAB /* Frameworks */,
			);
			sourceTree = "<group>";
		};
		CFFCCF331F379937003986ED /* Products */ = {
			isa = PBXGroup;
			children = (
				CFFCCF321F379937003986ED /* ChefBook.app */,
				CFFCCF461F379937003986ED /* ChefBookTests.xctest */,
				CFFCCF511F379937003986ED /* ChefBookUITests.xctest */,
			);
			name = Products;
			sourceTree = "<group>";
		};
		CFFCCF341F379937003986ED /* ChefBook */ = {
			isa = PBXGroup;
			children = (
				CF49B9931F4A7EED00E94E65 /* ListIngredientCell.swift */,
				CF49B98D1F4A359100E94E65 /* ListRecipeCell.swift */,
				CF5A7DA81F3D14470008973C /* MyRecipesViewController.swift */,
				CFFCCF351F379937003986ED /* AppDelegate.swift */,
				CFFCCF371F379937003986ED /* ViewController.swift */,
				CFFCCF3C1F379937003986ED /* Assets.xcassets */,
				CF2B5A101F3D220F00F0D037 /* Main.storyboard */,
				CF49B98F1F4A391E00E94E65 /* ListViewController.swift */,
				CFD5BE4F1F4730AE003CB85D /* MyRecipesDB.swift */,
				CFE5192C1F40F0E900527887 /* RecipeDetailViewController.swift */,
				CFFF5EB31F3FDE1500540D92 /* RecipeCollectionViewCell.swift */,
				CFFCCF411F379937003986ED /* Info.plist */,
				CFB7B3781F3F803500EC2F26 /* Recipe.swift */,
				CFB7B37A1F3F832E00EC2F26 /* Ingredient.swift */,
			);
			path = ChefBook;
			sourceTree = "<group>";
		};
		CFFCCF491F379937003986ED /* ChefBookTests */ = {
			isa = PBXGroup;
			children = (
				CFFCCF4A1F379937003986ED /* ChefBookTests.swift */,
				CFFCCF4C1F379937003986ED /* Info.plist */,
			);
			path = ChefBookTests;
			sourceTree = "<group>";
		};
		CFFCCF541F379937003986ED /* ChefBookUITests */ = {
			isa = PBXGroup;
			children = (
				CFFCCF551F379937003986ED /* ChefBookUITests.swift */,
				CFFCCF571F379937003986ED /* Info.plist */,
			);
			path = ChefBookUITests;
			sourceTree = "<group>";
		};
		F92CB84E9B5FD9B6C29EF388 /* Pods */ = {
			isa = PBXGroup;
			children = (
				3E4ADAFD94773ECE2D4C8A87 /* Pods-ChefBook.debug.xcconfig */,
				9460D0CB8E9F116DD4369FE3 /* Pods-ChefBook.release.xcconfig */,
				156C6163C83532452B606F37 /* Pods-ChefBookTests.debug.xcconfig */,
				0F2359E9443529AAF4CF6DEF /* Pods-ChefBookTests.release.xcconfig */,
				CBCE413AFCC280D69158F8E5 /* Pods-ChefBookUITests.debug.xcconfig */,
				342346FA7086989AD330A2BD /* Pods-ChefBookUITests.release.xcconfig */,
			);
			name = Pods;
			sourceTree = "<group>";
		};
/* End PBXGroup section */

/* Begin PBXNativeTarget section */
		CFFCCF311F379937003986ED /* ChefBook */ = {
			isa = PBXNativeTarget;
			buildConfigurationList = CFFCCF5A1F379937003986ED /* Build configuration list for PBXNativeTarget "ChefBook" */;
			buildPhases = (
				ADA9A81A398EAC37456927CC /* [CP] Check Pods Manifest.lock */,
				CFFCCF2E1F379937003986ED /* Sources */,
				CFFCCF2F1F379937003986ED /* Frameworks */,
				CFFCCF301F379937003986ED /* Resources */,
				5BC1138255BA8109EC7E4A40 /* [CP] Embed Pods Frameworks */,
				B65C1AA835324892AE1C0392 /* [CP] Copy Pods Resources */,
			);
			buildRules = (
			);
			dependencies = (
			);
			name = ChefBook;
			productName = ChefBook;
			productReference = CFFCCF321F379937003986ED /* ChefBook.app */;
			productType = "com.apple.product-type.application";
		};
		CFFCCF451F379937003986ED /* ChefBookTests */ = {
			isa = PBXNativeTarget;
			buildConfigurationList = CFFCCF5D1F379937003986ED /* Build configuration list for PBXNativeTarget "ChefBookTests" */;
			buildPhases = (
				92BB4FFD2BEAFABF6D1DC635 /* [CP] Check Pods Manifest.lock */,
				CFFCCF421F379937003986ED /* Sources */,
				CFFCCF431F379937003986ED /* Frameworks */,
				CFFCCF441F379937003986ED /* Resources */,
				E67973C7538A18DECD8DE2CA /* [CP] Embed Pods Frameworks */,
				D8564B5B8A6B20E9B8EF85D9 /* [CP] Copy Pods Resources */,
			);
			buildRules = (
			);
			dependencies = (
				CFFCCF481F379937003986ED /* PBXTargetDependency */,
			);
			name = ChefBookTests;
			productName = ChefBookTests;
			productReference = CFFCCF461F379937003986ED /* ChefBookTests.xctest */;
			productType = "com.apple.product-type.bundle.unit-test";
		};
		CFFCCF501F379937003986ED /* ChefBookUITests */ = {
			isa = PBXNativeTarget;
			buildConfigurationList = CFFCCF601F379937003986ED /* Build configuration list for PBXNativeTarget "ChefBookUITests" */;
			buildPhases = (
				E7699CC5E56DC7C9632F474C /* [CP] Check Pods Manifest.lock */,
				CFFCCF4D1F379937003986ED /* Sources */,
				CFFCCF4E1F379937003986ED /* Frameworks */,
				CFFCCF4F1F379937003986ED /* Resources */,
				69CDAD9D1725707F0E81624E /* [CP] Embed Pods Frameworks */,
				7D3D207086ECD949757BC89B /* [CP] Copy Pods Resources */,
			);
			buildRules = (
			);
			dependencies = (
				CFFCCF531F379937003986ED /* PBXTargetDependency */,
			);
			name = ChefBookUITests;
			productName = ChefBookUITests;
			productReference = CFFCCF511F379937003986ED /* ChefBookUITests.xctest */;
			productType = "com.apple.product-type.bundle.ui-testing";
		};
/* End PBXNativeTarget section */

/* Begin PBXProject section */
		CFFCCF2A1F379937003986ED /* Project object */ = {
			isa = PBXProject;
			attributes = {
				LastSwiftUpdateCheck = 0830;
				LastUpgradeCheck = 0830;
				ORGANIZATIONNAME = "Ben Bradley";
				TargetAttributes = {
					CFFCCF311F379937003986ED = {
						CreatedOnToolsVersion = 8.3.3;
						DevelopmentTeam = 95V5VH4J24;
						LastSwiftMigration = 0830;
						ProvisioningStyle = Automatic;
					};
					CFFCCF451F379937003986ED = {
						CreatedOnToolsVersion = 8.3.3;
						DevelopmentTeam = 95V5VH4J24;
						ProvisioningStyle = Automatic;
						TestTargetID = CFFCCF311F379937003986ED;
					};
					CFFCCF501F379937003986ED = {
						CreatedOnToolsVersion = 8.3.3;
						DevelopmentTeam = 95V5VH4J24;
						ProvisioningStyle = Automatic;
						TestTargetID = CFFCCF311F379937003986ED;
					};
				};
			};
			buildConfigurationList = CFFCCF2D1F379937003986ED /* Build configuration list for PBXProject "ChefBook" */;
			compatibilityVersion = "Xcode 3.2";
			developmentRegion = English;
			hasScannedForEncodings = 0;
			knownRegions = (
				en,
				Base,
			);
			mainGroup = CFFCCF291F379937003986ED;
			productRefGroup = CFFCCF331F379937003986ED /* Products */;
			projectDirPath = "";
			projectRoot = "";
			targets = (
				CFFCCF311F379937003986ED /* ChefBook */,
				CFFCCF451F379937003986ED /* ChefBookTests */,
				CFFCCF501F379937003986ED /* ChefBookUITests */,
			);
		};
/* End PBXProject section */

/* Begin PBXResourcesBuildPhase section */
		CFFCCF301F379937003986ED /* Resources */ = {
			isa = PBXResourcesBuildPhase;
			buildActionMask = 2147483647;
			files = (
				CFFCCF3D1F379937003986ED /* Assets.xcassets in Resources */,
				CF264C0F1F3934FD0029CEED /* chefbook.png in Resources */,
				CF2B5A111F3D220F00F0D037 /* Main.storyboard in Resources */,
				CF264C0D1F3934EE0029CEED /* chefbook_title_only.png in Resources */,
				CF264C0B1F3934E40029CEED /* chefbook_logo_only.png in Resources */,
			);
			runOnlyForDeploymentPostprocessing = 0;
		};
		CFFCCF441F379937003986ED /* Resources */ = {
			isa = PBXResourcesBuildPhase;
			buildActionMask = 2147483647;
			files = (
			);
			runOnlyForDeploymentPostprocessing = 0;
		};
		CFFCCF4F1F379937003986ED /* Resources */ = {
			isa = PBXResourcesBuildPhase;
			buildActionMask = 2147483647;
			files = (
			);
			runOnlyForDeploymentPostprocessing = 0;
		};
/* End PBXResourcesBuildPhase section */

/* Begin PBXShellScriptBuildPhase section */
		5BC1138255BA8109EC7E4A40 /* [CP] Embed Pods Frameworks */ = {
			isa = PBXShellScriptBuildPhase;
			buildActionMask = 2147483647;
			files = (
			);
			inputPaths = (
				"${SRCROOT}/Pods/Target Support Files/Pods-ChefBook/Pods-ChefBook-frameworks.sh",
				"${BUILT_PRODUCTS_DIR}/GridView/GridView.framework",
				"${BUILT_PRODUCTS_DIR}/Kingfisher/Kingfisher.framework",
				"${BUILT_PRODUCTS_DIR}/SQLite.swift/SQLite.framework",
			);
			name = "[CP] Embed Pods Frameworks";
			outputPaths = (
				"${TARGET_BUILD_DIR}/${FRAMEWORKS_FOLDER_PATH}/GridView.framework",
				"${TARGET_BUILD_DIR}/${FRAMEWORKS_FOLDER_PATH}/Kingfisher.framework",
				"${TARGET_BUILD_DIR}/${FRAMEWORKS_FOLDER_PATH}/SQLite.framework",
			);
			runOnlyForDeploymentPostprocessing = 0;
			shellPath = /bin/sh;
			shellScript = "\"${SRCROOT}/Pods/Target Support Files/Pods-ChefBook/Pods-ChefBook-frameworks.sh\"\n";
			showEnvVarsInLog = 0;
		};
		69CDAD9D1725707F0E81624E /* [CP] Embed Pods Frameworks */ = {
			isa = PBXShellScriptBuildPhase;
			buildActionMask = 2147483647;
			files = (
			);
			inputPaths = (
			);
			name = "[CP] Embed Pods Frameworks";
			outputPaths = (
			);
			runOnlyForDeploymentPostprocessing = 0;
			shellPath = /bin/sh;
			shellScript = "\"${SRCROOT}/Pods/Target Support Files/Pods-ChefBookUITests/Pods-ChefBookUITests-frameworks.sh\"\n";
			showEnvVarsInLog = 0;
		};
		7D3D207086ECD949757BC89B /* [CP] Copy Pods Resources */ = {
			isa = PBXShellScriptBuildPhase;
			buildActionMask = 2147483647;
			files = (
			);
			inputPaths = (
			);
			name = "[CP] Copy Pods Resources";
			outputPaths = (
			);
			runOnlyForDeploymentPostprocessing = 0;
			shellPath = /bin/sh;
			shellScript = "\"${SRCROOT}/Pods/Target Support Files/Pods-ChefBookUITests/Pods-ChefBookUITests-resources.sh\"\n";
			showEnvVarsInLog = 0;
		};
		92BB4FFD2BEAFABF6D1DC635 /* [CP] Check Pods Manifest.lock */ = {
			isa = PBXShellScriptBuildPhase;
			buildActionMask = 2147483647;
			files = (
			);
			inputPaths = (
				"${PODS_PODFILE_DIR_PATH}/Podfile.lock",
				"${PODS_ROOT}/Manifest.lock",
			);
			name = "[CP] Check Pods Manifest.lock";
			outputPaths = (
				"$(DERIVED_FILE_DIR)/Pods-ChefBookTests-checkManifestLockResult.txt",
			);
			runOnlyForDeploymentPostprocessing = 0;
			shellPath = /bin/sh;
			shellScript = "diff \"${PODS_PODFILE_DIR_PATH}/Podfile.lock\" \"${PODS_ROOT}/Manifest.lock\" > /dev/null\nif [ $? != 0 ] ; then\n    # print error to STDERR\n    echo \"error: The sandbox is not in sync with the Podfile.lock. Run 'pod install' or update your CocoaPods installation.\" >&2\n    exit 1\nfi\n# This output is used by Xcode 'outputs' to avoid re-running this script phase.\necho \"SUCCESS\" > \"${SCRIPT_OUTPUT_FILE_0}\"\n";
			showEnvVarsInLog = 0;
		};
		ADA9A81A398EAC37456927CC /* [CP] Check Pods Manifest.lock */ = {
			isa = PBXShellScriptBuildPhase;
			buildActionMask = 2147483647;
			files = (
			);
			inputPaths = (
				"${PODS_PODFILE_DIR_PATH}/Podfile.lock",
				"${PODS_ROOT}/Manifest.lock",
			);
			name = "[CP] Check Pods Manifest.lock";
			outputPaths = (
				"$(DERIVED_FILE_DIR)/Pods-ChefBook-checkManifestLockResult.txt",
			);
			runOnlyForDeploymentPostprocessing = 0;
			shellPath = /bin/sh;
			shellScript = "diff \"${PODS_PODFILE_DIR_PATH}/Podfile.lock\" \"${PODS_ROOT}/Manifest.lock\" > /dev/null\nif [ $? != 0 ] ; then\n    # print error to STDERR\n    echo \"error: The sandbox is not in sync with the Podfile.lock. Run 'pod install' or update your CocoaPods installation.\" >&2\n    exit 1\nfi\n# This output is used by Xcode 'outputs' to avoid re-running this script phase.\necho \"SUCCESS\" > \"${SCRIPT_OUTPUT_FILE_0}\"\n";
			showEnvVarsInLog = 0;
		};
		B65C1AA835324892AE1C0392 /* [CP] Copy Pods Resources */ = {
			isa = PBXShellScriptBuildPhase;
			buildActionMask = 2147483647;
			files = (
			);
			inputPaths = (
			);
			name = "[CP] Copy Pods Resources";
			outputPaths = (
			);
			runOnlyForDeploymentPostprocessing = 0;
			shellPath = /bin/sh;
			shellScript = "\"${SRCROOT}/Pods/Target Support Files/Pods-ChefBook/Pods-ChefBook-resources.sh\"\n";
			showEnvVarsInLog = 0;
		};
		D8564B5B8A6B20E9B8EF85D9 /* [CP] Copy Pods Resources */ = {
			isa = PBXShellScriptBuildPhase;
			buildActionMask = 2147483647;
			files = (
			);
			inputPaths = (
			);
			name = "[CP] Copy Pods Resources";
			outputPaths = (
			);
			runOnlyForDeploymentPostprocessing = 0;
			shellPath = /bin/sh;
			shellScript = "\"${SRCROOT}/Pods/Target Support Files/Pods-ChefBookTests/Pods-ChefBookTests-resources.sh\"\n";
			showEnvVarsInLog = 0;
		};
		E67973C7538A18DECD8DE2CA /* [CP] Embed Pods Frameworks */ = {
			isa = PBXShellScriptBuildPhase;
			buildActionMask = 2147483647;
			files = (
			);
			inputPaths = (
			);
			name = "[CP] Embed Pods Frameworks";
			outputPaths = (
			);
			runOnlyForDeploymentPostprocessing = 0;
			shellPath = /bin/sh;
			shellScript = "\"${SRCROOT}/Pods/Target Support Files/Pods-ChefBookTests/Pods-ChefBookTests-frameworks.sh\"\n";
			showEnvVarsInLog = 0;
		};
		E7699CC5E56DC7C9632F474C /* [CP] Check Pods Manifest.lock */ = {
			isa = PBXShellScriptBuildPhase;
			buildActionMask = 2147483647;
			files = (
			);
			inputPaths = (
				"${PODS_PODFILE_DIR_PATH}/Podfile.lock",
				"${PODS_ROOT}/Manifest.lock",
			);
			name = "[CP] Check Pods Manifest.lock";
			outputPaths = (
				"$(DERIVED_FILE_DIR)/Pods-ChefBookUITests-checkManifestLockResult.txt",
			);
			runOnlyForDeploymentPostprocessing = 0;
			shellPath = /bin/sh;
			shellScript = "diff \"${PODS_PODFILE_DIR_PATH}/Podfile.lock\" \"${PODS_ROOT}/Manifest.lock\" > /dev/null\nif [ $? != 0 ] ; then\n    # print error to STDERR\n    echo \"error: The sandbox is not in sync with the Podfile.lock. Run 'pod install' or update your CocoaPods installation.\" >&2\n    exit 1\nfi\n# This output is used by Xcode 'outputs' to avoid re-running this script phase.\necho \"SUCCESS\" > \"${SCRIPT_OUTPUT_FILE_0}\"\n";
			showEnvVarsInLog = 0;
		};
/* End PBXShellScriptBuildPhase section */

/* Begin PBXSourcesBuildPhase section */
		CFFCCF2E1F379937003986ED /* Sources */ = {
			isa = PBXSourcesBuildPhase;
			buildActionMask = 2147483647;
			files = (
				CF49B9941F4A7EED00E94E65 /* ListIngredientCell.swift in Sources */,
				CFFF5EB41F3FDE1500540D92 /* RecipeCollectionViewCell.swift in Sources */,
				CF5A7DA91F3D14470008973C /* MyRecipesViewController.swift in Sources */,
				CFE5192D1F40F0E900527887 /* RecipeDetailViewController.swift in Sources */,
				CF49B98E1F4A359100E94E65 /* ListRecipeCell.swift in Sources */,
				CFD5BE501F4730AE003CB85D /* MyRecipesDB.swift in Sources */,
				CFB7B3791F3F803500EC2F26 /* Recipe.swift in Sources */,
				CFB7B37B1F3F832E00EC2F26 /* Ingredient.swift in Sources */,
				CFFCCF381F379937003986ED /* ViewController.swift in Sources */,
				CF49B9901F4A391E00E94E65 /* ListViewController.swift in Sources */,
				CFFCCF361F379937003986ED /* AppDelegate.swift in Sources */,
			);
			runOnlyForDeploymentPostprocessing = 0;
		};
		CFFCCF421F379937003986ED /* Sources */ = {
			isa = PBXSourcesBuildPhase;
			buildActionMask = 2147483647;
			files = (
				CFFCCF4B1F379937003986ED /* ChefBookTests.swift in Sources */,
			);
			runOnlyForDeploymentPostprocessing = 0;
		};
		CFFCCF4D1F379937003986ED /* Sources */ = {
			isa = PBXSourcesBuildPhase;
			buildActionMask = 2147483647;
			files = (
				CFFCCF561F379937003986ED /* ChefBookUITests.swift in Sources */,
			);
			runOnlyForDeploymentPostprocessing = 0;
		};
/* End PBXSourcesBuildPhase section */

/* Begin PBXTargetDependency section */
		CFFCCF481F379937003986ED /* PBXTargetDependency */ = {
			isa = PBXTargetDependency;
			target = CFFCCF311F379937003986ED /* ChefBook */;
			targetProxy = CFFCCF471F379937003986ED /* PBXContainerItemProxy */;
		};
		CFFCCF531F379937003986ED /* PBXTargetDependency */ = {
			isa = PBXTargetDependency;
			target = CFFCCF311F379937003986ED /* ChefBook */;
			targetProxy = CFFCCF521F379937003986ED /* PBXContainerItemProxy */;
		};
/* End PBXTargetDependency section */

/* Begin XCBuildConfiguration section */
		CFFCCF581F379937003986ED /* Debug */ = {
			isa = XCBuildConfiguration;
			buildSettings = {
				ALWAYS_SEARCH_USER_PATHS = NO;
				CLANG_ANALYZER_NONNULL = YES;
				CLANG_ANALYZER_NUMBER_OBJECT_CONVERSION = YES_AGGRESSIVE;
				CLANG_CXX_LANGUAGE_STANDARD = "gnu++0x";
				CLANG_CXX_LIBRARY = "libc++";
				CLANG_ENABLE_MODULES = YES;
				CLANG_ENABLE_OBJC_ARC = YES;
				CLANG_WARN_BOOL_CONVERSION = YES;
				CLANG_WARN_CONSTANT_CONVERSION = YES;
				CLANG_WARN_DIRECT_OBJC_ISA_USAGE = YES_ERROR;
				CLANG_WARN_DOCUMENTATION_COMMENTS = YES;
				CLANG_WARN_EMPTY_BODY = YES;
				CLANG_WARN_ENUM_CONVERSION = YES;
				CLANG_WARN_INFINITE_RECURSION = YES;
				CLANG_WARN_INT_CONVERSION = YES;
				CLANG_WARN_OBJC_ROOT_CLASS = YES_ERROR;
				CLANG_WARN_SUSPICIOUS_MOVE = YES;
				CLANG_WARN_UNREACHABLE_CODE = YES;
				CLANG_WARN__DUPLICATE_METHOD_MATCH = YES;
				"CODE_SIGN_IDENTITY[sdk=iphoneos*]" = "iPhone Developer";
				COPY_PHASE_STRIP = NO;
				DEBUG_INFORMATION_FORMAT = dwarf;
				ENABLE_STRICT_OBJC_MSGSEND = YES;
				ENABLE_TESTABILITY = YES;
				GCC_C_LANGUAGE_STANDARD = gnu99;
				GCC_DYNAMIC_NO_PIC = NO;
				GCC_NO_COMMON_BLOCKS = YES;
				GCC_OPTIMIZATION_LEVEL = 0;
				GCC_PREPROCESSOR_DEFINITIONS = (
					"DEBUG=1",
					"$(inherited)",
				);
				GCC_WARN_64_TO_32_BIT_CONVERSION = YES;
				GCC_WARN_ABOUT_RETURN_TYPE = YES_ERROR;
				GCC_WARN_UNDECLARED_SELECTOR = YES;
				GCC_WARN_UNINITIALIZED_AUTOS = YES_AGGRESSIVE;
				GCC_WARN_UNUSED_FUNCTION = YES;
				GCC_WARN_UNUSED_VARIABLE = YES;
				IPHONEOS_DEPLOYMENT_TARGET = 10.3;
				MTL_ENABLE_DEBUG_INFO = YES;
				ONLY_ACTIVE_ARCH = YES;
				SDKROOT = iphoneos;
				SWIFT_ACTIVE_COMPILATION_CONDITIONS = DEBUG;
				SWIFT_OPTIMIZATION_LEVEL = "-Onone";
				TARGETED_DEVICE_FAMILY = "1,2";
			};
			name = Debug;
		};
		CFFCCF591F379937003986ED /* Release */ = {
			isa = XCBuildConfiguration;
			buildSettings = {
				ALWAYS_SEARCH_USER_PATHS = NO;
				CLANG_ANALYZER_NONNULL = YES;
				CLANG_ANALYZER_NUMBER_OBJECT_CONVERSION = YES_AGGRESSIVE;
				CLANG_CXX_LANGUAGE_STANDARD = "gnu++0x";
				CLANG_CXX_LIBRARY = "libc++";
				CLANG_ENABLE_MODULES = YES;
				CLANG_ENABLE_OBJC_ARC = YES;
				CLANG_WARN_BOOL_CONVERSION = YES;
				CLANG_WARN_CONSTANT_CONVERSION = YES;
				CLANG_WARN_DIRECT_OBJC_ISA_USAGE = YES_ERROR;
				CLANG_WARN_DOCUMENTATION_COMMENTS = YES;
				CLANG_WARN_EMPTY_BODY = YES;
				CLANG_WARN_ENUM_CONVERSION = YES;
				CLANG_WARN_INFINITE_RECURSION = YES;
				CLANG_WARN_INT_CONVERSION = YES;
				CLANG_WARN_OBJC_ROOT_CLASS = YES_ERROR;
				CLANG_WARN_SUSPICIOUS_MOVE = YES;
				CLANG_WARN_UNREACHABLE_CODE = YES;
				CLANG_WARN__DUPLICATE_METHOD_MATCH = YES;
				"CODE_SIGN_IDENTITY[sdk=iphoneos*]" = "iPhone Developer";
				COPY_PHASE_STRIP = NO;
				DEBUG_INFORMATION_FORMAT = "dwarf-with-dsym";
				ENABLE_NS_ASSERTIONS = NO;
				ENABLE_STRICT_OBJC_MSGSEND = YES;
				GCC_C_LANGUAGE_STANDARD = gnu99;
				GCC_NO_COMMON_BLOCKS = YES;
				GCC_WARN_64_TO_32_BIT_CONVERSION = YES;
				GCC_WARN_ABOUT_RETURN_TYPE = YES_ERROR;
				GCC_WARN_UNDECLARED_SELECTOR = YES;
				GCC_WARN_UNINITIALIZED_AUTOS = YES_AGGRESSIVE;
				GCC_WARN_UNUSED_FUNCTION = YES;
				GCC_WARN_UNUSED_VARIABLE = YES;
				IPHONEOS_DEPLOYMENT_TARGET = 10.3;
				MTL_ENABLE_DEBUG_INFO = NO;
				SDKROOT = iphoneos;
				SWIFT_OPTIMIZATION_LEVEL = "-Owholemodule";
				TARGETED_DEVICE_FAMILY = "1,2";
				VALIDATE_PRODUCT = YES;
			};
			name = Release;
		};
		CFFCCF5B1F379937003986ED /* Debug */ = {
			isa = XCBuildConfiguration;
			baseConfigurationReference = 3E4ADAFD94773ECE2D4C8A87 /* Pods-ChefBook.debug.xcconfig */;
			buildSettings = {
				ASSETCATALOG_COMPILER_APPICON_NAME = AppIcon;
				CLANG_ENABLE_MODULES = YES;
				DEVELOPMENT_TEAM = 95V5VH4J24;
				INFOPLIST_FILE = ChefBook/Info.plist;
				IPHONEOS_DEPLOYMENT_TARGET = 10.3;
				LD_RUNPATH_SEARCH_PATHS = "$(inherited) @executable_path/Frameworks";
				PRODUCT_BUNDLE_IDENTIFIER = com.iambenbradley.ChefBook;
				PRODUCT_NAME = "$(TARGET_NAME)";
				SWIFT_OPTIMIZATION_LEVEL = "-Onone";
				SWIFT_VERSION = 3.0;
			};
			name = Debug;
		};
		CFFCCF5C1F379937003986ED /* Release */ = {
			isa = XCBuildConfiguration;
			baseConfigurationReference = 9460D0CB8E9F116DD4369FE3 /* Pods-ChefBook.release.xcconfig */;
			buildSettings = {
				ASSETCATALOG_COMPILER_APPICON_NAME = AppIcon;
				CLANG_ENABLE_MODULES = YES;
				DEVELOPMENT_TEAM = 95V5VH4J24;
				INFOPLIST_FILE = ChefBook/Info.plist;
				IPHONEOS_DEPLOYMENT_TARGET = 10.3;
				LD_RUNPATH_SEARCH_PATHS = "$(inherited) @executable_path/Frameworks";
				PRODUCT_BUNDLE_IDENTIFIER = com.iambenbradley.ChefBook;
				PRODUCT_NAME = "$(TARGET_NAME)";
				SWIFT_VERSION = 3.0;
			};
			name = Release;
		};
		CFFCCF5E1F379937003986ED /* Debug */ = {
			isa = XCBuildConfiguration;
			baseConfigurationReference = 156C6163C83532452B606F37 /* Pods-ChefBookTests.debug.xcconfig */;
			buildSettings = {
				ALWAYS_EMBED_SWIFT_STANDARD_LIBRARIES = YES;
				BUNDLE_LOADER = "$(TEST_HOST)";
				DEVELOPMENT_TEAM = 95V5VH4J24;
				INFOPLIST_FILE = ChefBookTests/Info.plist;
				LD_RUNPATH_SEARCH_PATHS = "$(inherited) @executable_path/Frameworks @loader_path/Frameworks";
				PRODUCT_BUNDLE_IDENTIFIER = com.iambenbradley.ChefBookTests;
				PRODUCT_NAME = "$(TARGET_NAME)";
				SWIFT_VERSION = 3.0;
				TEST_HOST = "$(BUILT_PRODUCTS_DIR)/ChefBook.app/ChefBook";
			};
			name = Debug;
		};
		CFFCCF5F1F379937003986ED /* Release */ = {
			isa = XCBuildConfiguration;
			baseConfigurationReference = 0F2359E9443529AAF4CF6DEF /* Pods-ChefBookTests.release.xcconfig */;
			buildSettings = {
				ALWAYS_EMBED_SWIFT_STANDARD_LIBRARIES = YES;
				BUNDLE_LOADER = "$(TEST_HOST)";
				DEVELOPMENT_TEAM = 95V5VH4J24;
				INFOPLIST_FILE = ChefBookTests/Info.plist;
				LD_RUNPATH_SEARCH_PATHS = "$(inherited) @executable_path/Frameworks @loader_path/Frameworks";
				PRODUCT_BUNDLE_IDENTIFIER = com.iambenbradley.ChefBookTests;
				PRODUCT_NAME = "$(TARGET_NAME)";
				SWIFT_VERSION = 3.0;
				TEST_HOST = "$(BUILT_PRODUCTS_DIR)/ChefBook.app/ChefBook";
			};
			name = Release;
		};
		CFFCCF611F379937003986ED /* Debug */ = {
			isa = XCBuildConfiguration;
			baseConfigurationReference = CBCE413AFCC280D69158F8E5 /* Pods-ChefBookUITests.debug.xcconfig */;
			buildSettings = {
				ALWAYS_EMBED_SWIFT_STANDARD_LIBRARIES = YES;
				DEVELOPMENT_TEAM = 95V5VH4J24;
				INFOPLIST_FILE = ChefBookUITests/Info.plist;
				LD_RUNPATH_SEARCH_PATHS = "$(inherited) @executable_path/Frameworks @loader_path/Frameworks";
				PRODUCT_BUNDLE_IDENTIFIER = com.iambenbradley.ChefBookUITests;
				PRODUCT_NAME = "$(TARGET_NAME)";
				SWIFT_VERSION = 3.0;
				TEST_TARGET_NAME = ChefBook;
			};
			name = Debug;
		};
		CFFCCF621F379937003986ED /* Release */ = {
			isa = XCBuildConfiguration;
			baseConfigurationReference = 342346FA7086989AD330A2BD /* Pods-ChefBookUITests.release.xcconfig */;
			buildSettings = {
				ALWAYS_EMBED_SWIFT_STANDARD_LIBRARIES = YES;
				DEVELOPMENT_TEAM = 95V5VH4J24;
				INFOPLIST_FILE = ChefBookUITests/Info.plist;
				LD_RUNPATH_SEARCH_PATHS = "$(inherited) @executable_path/Frameworks @loader_path/Frameworks";
				PRODUCT_BUNDLE_IDENTIFIER = com.iambenbradley.ChefBookUITests;
				PRODUCT_NAME = "$(TARGET_NAME)";
				SWIFT_VERSION = 3.0;
				TEST_TARGET_NAME = ChefBook;
			};
			name = Release;
		};
/* End XCBuildConfiguration section */

/* Begin XCConfigurationList section */
		CFFCCF2D1F379937003986ED /* Build configuration list for PBXProject "ChefBook" */ = {
			isa = XCConfigurationList;
			buildConfigurations = (
				CFFCCF581F379937003986ED /* Debug */,
				CFFCCF591F379937003986ED /* Release */,
			);
			defaultConfigurationIsVisible = 0;
			defaultConfigurationName = Release;
		};
		CFFCCF5A1F379937003986ED /* Build configuration list for PBXNativeTarget "ChefBook" */ = {
			isa = XCConfigurationList;
			buildConfigurations = (
				CFFCCF5B1F379937003986ED /* Debug */,
				CFFCCF5C1F379937003986ED /* Release */,
			);
			defaultConfigurationIsVisible = 0;
			defaultConfigurationName = Release;
		};
		CFFCCF5D1F379937003986ED /* Build configuration list for PBXNativeTarget "ChefBookTests" */ = {
			isa = XCConfigurationList;
			buildConfigurations = (
				CFFCCF5E1F379937003986ED /* Debug */,
				CFFCCF5F1F379937003986ED /* Release */,
			);
			defaultConfigurationIsVisible = 0;
			defaultConfigurationName = Release;
		};
		CFFCCF601F379937003986ED /* Build configuration list for PBXNativeTarget "ChefBookUITests" */ = {
			isa = XCConfigurationList;
			buildConfigurations = (
				CFFCCF611F379937003986ED /* Debug */,
				CFFCCF621F379937003986ED /* Release */,
			);
			defaultConfigurationIsVisible = 0;
			defaultConfigurationName = Release;
		};
/* End XCConfigurationList section */
	};
	rootObject = CFFCCF2A1F379937003986ED /* Project object */;
}
